
Microsoft Visual Studio Solution File, Format Version 12.00
# Visual Studio Version 17
VisualStudioVersion = 17.2.32616.157
MinimumVisualStudioVersion = 10.0.40219.1
Project("{FAE04EC0-301F-11D3-BF4B-00C04F79EFBC}") = "WindowsFormApp_TcpClient", "WindowsFormApp_TcpClient\WindowsFormApp_TcpClient.csproj", "{3EC3F74C-8850-4C04-A612-4BAA02C2281C}"
EndProject
Global
	GlobalSection(SolutionConfigurationPlatforms) = preSolution
		Debug|Any CPU = Debug|Any CPU
		Release|Any CPU = Release|Any CPU
	EndGlobalSection
	GlobalSection(ProjectConfigurationPlatforms) = postSolution
		{3EC3F74C-8850-4C04-A612-4BAA02C2281C}.Debug|Any CPU.ActiveCfg = Debug|Any CPU
		{3EC3F74C-8850-4C04-A612-4BAA02C2281C}.Debug|Any CPU.Build.0 = Debug|Any CPU
		{3EC3F74C-8850-4C04-A612-4BAA02C2281C}.Release|Any CPU.ActiveCfg = Release|Any CPU
		{3EC3F74C-8850-4C04-A612-4BAA02C2281C}.Release|Any CPU.Build.0 = Release|Any CPU
	EndGlobalSection
	GlobalSection(SolutionProperties) = preSolution
		HideSolutionNode = FALSE
	EndGlobalSection
	GlobalSection(ExtensibilityGlobals) = postSolution
		SolutionGuid = {5857F9DA-0C95-4D48-BBB7-F709077604E1}
	EndGlobalSection
EndGlobal
