
Microsoft Visual Studio Solution File, Format Version 12.00
# Visual Studio Version 17
VisualStudioVersion = 17.2.32616.157
MinimumVisualStudioVersion = 10.0.40219.1
Project("{FAE04EC0-301F-11D3-BF4B-00C04F79EFBC}") = "DelegateNode", "DelegateNode\DelegateNode.csproj", "{78A9AFC0-2974-4700-9050-3A45634FC6B1}"
EndProject
Global
	GlobalSection(SolutionConfigurationPlatforms) = preSolution
		Debug|Any CPU = Debug|Any CPU
		Release|Any CPU = Release|Any CPU
	EndGlobalSection
	GlobalSection(ProjectConfigurationPlatforms) = postSolution
		{78A9AFC0-2974-4700-9050-3A45634FC6B1}.Debug|Any CPU.ActiveCfg = Debug|Any CPU
		{78A9AFC0-2974-4700-9050-3A45634FC6B1}.Debug|Any CPU.Build.0 = Debug|Any CPU
		{78A9AFC0-2974-4700-9050-3A45634FC6B1}.Release|Any CPU.ActiveCfg = Release|Any CPU
		{78A9AFC0-2974-4700-9050-3A45634FC6B1}.Release|Any CPU.Build.0 = Release|Any CPU
	EndGlobalSection
	GlobalSection(SolutionProperties) = preSolution
		HideSolutionNode = FALSE
	EndGlobalSection
	GlobalSection(ExtensibilityGlobals) = postSolution
		SolutionGuid = {EB9C3A3E-0253-4895-9A23-589BD896EA4D}
	EndGlobalSection
EndGlobal
